// !$*UTF8*$!
{
	archiveVersion = 1;
	classes = {
	};
	objectVersion = 51;
	objects = {

/* Begin PBXBuildFile section */
		2CAF45928BA0B4797518B445 /* Pods_talk_using_firebaseTests.framework in Frameworks */ = {isa = PBXBuildFile; fileRef = F945444D0DE18CF137D63D62 /* Pods_talk_using_firebaseTests.framework */; };
		3B4E306C3F953C455DABFA4D /* Pods_talk_using_firebase_talk_using_firebaseUITests.framework in Frameworks */ = {isa = PBXBuildFile; fileRef = F602A26B34BA64F1AF907AE9 /* Pods_talk_using_firebase_talk_using_firebaseUITests.framework */; };
		3DBEEE10257514E40067F86D /* AppDelegate.swift in Sources */ = {isa = PBXBuildFile; fileRef = 3DBEEE0F257514E40067F86D /* AppDelegate.swift */; };
		3DBEEE12257514E40067F86D /* SceneDelegate.swift in Sources */ = {isa = PBXBuildFile; fileRef = 3DBEEE11257514E40067F86D /* SceneDelegate.swift */; };
		3DBEEE14257514E40067F86D /* ViewController.swift in Sources */ = {isa = PBXBuildFile; fileRef = 3DBEEE13257514E40067F86D /* ViewController.swift */; };
		3DBEEE17257514E40067F86D /* Main.storyboard in Resources */ = {isa = PBXBuildFile; fileRef = 3DBEEE15257514E40067F86D /* Main.storyboard */; };
		3DBEEE19257514E40067F86D /* Assets.xcassets in Resources */ = {isa = PBXBuildFile; fileRef = 3DBEEE18257514E40067F86D /* Assets.xcassets */; };
		3DBEEE1C257514E40067F86D /* LaunchScreen.storyboard in Resources */ = {isa = PBXBuildFile; fileRef = 3DBEEE1A257514E40067F86D /* LaunchScreen.storyboard */; };
		3DBEEE27257514E40067F86D /* talk_using_firebaseTests.swift in Sources */ = {isa = PBXBuildFile; fileRef = 3DBEEE26257514E40067F86D /* talk_using_firebaseTests.swift */; };
		3DBEEE32257514E50067F86D /* talk_using_firebaseUITests.swift in Sources */ = {isa = PBXBuildFile; fileRef = 3DBEEE31257514E50067F86D /* talk_using_firebaseUITests.swift */; };
		3DE7BAC2257AADAE008300A7 /* GoogleService-Info.plist in Resources */ = {isa = PBXBuildFile; fileRef = 3DE7BAC1257AADAE008300A7 /* GoogleService-Info.plist */; };
		7075578BC7016476CCCFD120 /* Pods_talk_using_firebase.framework in Frameworks */ = {isa = PBXBuildFile; fileRef = DBEFB9490BE1866FB2D9DD5D /* Pods_talk_using_firebase.framework */; };
/* End PBXBuildFile section */

/* Begin PBXContainerItemProxy section */
		3DBEEE23257514E40067F86D /* PBXContainerItemProxy */ = {
			isa = PBXContainerItemProxy;
			containerPortal = 3DBEEE04257514E40067F86D /* Project object */;
			proxyType = 1;
			remoteGlobalIDString = 3DBEEE0B257514E40067F86D;
			remoteInfo = talk_using_firebase;
		};
		3DBEEE2E257514E50067F86D /* PBXContainerItemProxy */ = {
			isa = PBXContainerItemProxy;
			containerPortal = 3DBEEE04257514E40067F86D /* Project object */;
			proxyType = 1;
			remoteGlobalIDString = 3DBEEE0B257514E40067F86D;
			remoteInfo = talk_using_firebase;
		};
/* End PBXContainerItemProxy section */

/* Begin PBXFileReference section */
		0373B9EECAEA11D3C1F0EEFF /* Pods-talk_using_firebaseTests.release.xcconfig */ = {isa = PBXFileReference; includeInIndex = 1; lastKnownFileType = text.xcconfig; name = "Pods-talk_using_firebaseTests.release.xcconfig"; path = "Target Support Files/Pods-talk_using_firebaseTests/Pods-talk_using_firebaseTests.release.xcconfig"; sourceTree = "<group>"; };
		09C65923DE8D592F59E58571 /* Pods-talk_using_firebaseTests.debug.xcconfig */ = {isa = PBXFileReference; includeInIndex = 1; lastKnownFileType = text.xcconfig; name = "Pods-talk_using_firebaseTests.debug.xcconfig"; path = "Target Support Files/Pods-talk_using_firebaseTests/Pods-talk_using_firebaseTests.debug.xcconfig"; sourceTree = "<group>"; };
		208886B99D459F081AF6F0C1 /* Pods-talk_using_firebase-talk_using_firebaseUITests.debug.xcconfig */ = {isa = PBXFileReference; includeInIndex = 1; lastKnownFileType = text.xcconfig; name = "Pods-talk_using_firebase-talk_using_firebaseUITests.debug.xcconfig"; path = "Target Support Files/Pods-talk_using_firebase-talk_using_firebaseUITests/Pods-talk_using_firebase-talk_using_firebaseUITests.debug.xcconfig"; sourceTree = "<group>"; };
		3DBEEE0C257514E40067F86D /* talk_using_firebase.app */ = {isa = PBXFileReference; explicitFileType = wrapper.application; includeInIndex = 0; path = talk_using_firebase.app; sourceTree = BUILT_PRODUCTS_DIR; };
		3DBEEE0F257514E40067F86D /* AppDelegate.swift */ = {isa = PBXFileReference; lastKnownFileType = sourcecode.swift; path = AppDelegate.swift; sourceTree = "<group>"; };
		3DBEEE11257514E40067F86D /* SceneDelegate.swift */ = {isa = PBXFileReference; lastKnownFileType = sourcecode.swift; path = SceneDelegate.swift; sourceTree = "<group>"; };
		3DBEEE13257514E40067F86D /* ViewController.swift */ = {isa = PBXFileReference; lastKnownFileType = sourcecode.swift; path = ViewController.swift; sourceTree = "<group>"; };
		3DBEEE16257514E40067F86D /* Base */ = {isa = PBXFileReference; lastKnownFileType = file.storyboard; name = Base; path = Base.lproj/Main.storyboard; sourceTree = "<group>"; };
		3DBEEE18257514E40067F86D /* Assets.xcassets */ = {isa = PBXFileReference; lastKnownFileType = folder.assetcatalog; path = Assets.xcassets; sourceTree = "<group>"; };
		3DBEEE1B257514E40067F86D /* Base */ = {isa = PBXFileReference; lastKnownFileType = file.storyboard; name = Base; path = Base.lproj/LaunchScreen.storyboard; sourceTree = "<group>"; };
		3DBEEE1D257514E40067F86D /* Info.plist */ = {isa = PBXFileReference; lastKnownFileType = text.plist.xml; path = Info.plist; sourceTree = "<group>"; };
		3DBEEE22257514E40067F86D /* talk_using_firebaseTests.xctest */ = {isa = PBXFileReference; explicitFileType = wrapper.cfbundle; includeInIndex = 0; path = talk_using_firebaseTests.xctest; sourceTree = BUILT_PRODUCTS_DIR; };
		3DBEEE26257514E40067F86D /* talk_using_firebaseTests.swift */ = {isa = PBXFileReference; lastKnownFileType = sourcecode.swift; path = talk_using_firebaseTests.swift; sourceTree = "<group>"; };
		3DBEEE28257514E40067F86D /* Info.plist */ = {isa = PBXFileReference; lastKnownFileType = text.plist.xml; path = Info.plist; sourceTree = "<group>"; };
		3DBEEE2D257514E50067F86D /* talk_using_firebaseUITests.xctest */ = {isa = PBXFileReference; explicitFileType = wrapper.cfbundle; includeInIndex = 0; path = talk_using_firebaseUITests.xctest; sourceTree = BUILT_PRODUCTS_DIR; };
		3DBEEE31257514E50067F86D /* talk_using_firebaseUITests.swift */ = {isa = PBXFileReference; lastKnownFileType = sourcecode.swift; path = talk_using_firebaseUITests.swift; sourceTree = "<group>"; };
		3DBEEE33257514E50067F86D /* Info.plist */ = {isa = PBXFileReference; lastKnownFileType = text.plist.xml; path = Info.plist; sourceTree = "<group>"; };
		3DE7BAC1257AADAE008300A7 /* GoogleService-Info.plist */ = {isa = PBXFileReference; fileEncoding = 4; lastKnownFileType = text.plist.xml; path = "GoogleService-Info.plist"; sourceTree = "<group>"; };
		6B14AA11841118089A41081E /* Pods-talk_using_firebase.debug.xcconfig */ = {isa = PBXFileReference; includeInIndex = 1; lastKnownFileType = text.xcconfig; name = "Pods-talk_using_firebase.debug.xcconfig"; path = "Target Support Files/Pods-talk_using_firebase/Pods-talk_using_firebase.debug.xcconfig"; sourceTree = "<group>"; };
		7CEE6FB8F1C0C6F3FEA8F7A5 /* Pods-talk_using_firebase.release.xcconfig */ = {isa = PBXFileReference; includeInIndex = 1; lastKnownFileType = text.xcconfig; name = "Pods-talk_using_firebase.release.xcconfig"; path = "Target Support Files/Pods-talk_using_firebase/Pods-talk_using_firebase.release.xcconfig"; sourceTree = "<group>"; };
		A2A7971B9EA12F39D3CBEFC9 /* Pods-talk_using_firebase-talk_using_firebaseUITests.release.xcconfig */ = {isa = PBXFileReference; includeInIndex = 1; lastKnownFileType = text.xcconfig; name = "Pods-talk_using_firebase-talk_using_firebaseUITests.release.xcconfig"; path = "Target Support Files/Pods-talk_using_firebase-talk_using_firebaseUITests/Pods-talk_using_firebase-talk_using_firebaseUITests.release.xcconfig"; sourceTree = "<group>"; };
		DBEFB9490BE1866FB2D9DD5D /* Pods_talk_using_firebase.framework */ = {isa = PBXFileReference; explicitFileType = wrapper.framework; includeInIndex = 0; path = Pods_talk_using_firebase.framework; sourceTree = BUILT_PRODUCTS_DIR; };
		F602A26B34BA64F1AF907AE9 /* Pods_talk_using_firebase_talk_using_firebaseUITests.framework */ = {isa = PBXFileReference; explicitFileType = wrapper.framework; includeInIndex = 0; path = Pods_talk_using_firebase_talk_using_firebaseUITests.framework; sourceTree = BUILT_PRODUCTS_DIR; };
		F945444D0DE18CF137D63D62 /* Pods_talk_using_firebaseTests.framework */ = {isa = PBXFileReference; explicitFileType = wrapper.framework; includeInIndex = 0; path = Pods_talk_using_firebaseTests.framework; sourceTree = BUILT_PRODUCTS_DIR; };
/* End PBXFileReference section */

/* Begin PBXFrameworksBuildPhase section */
		3DBEEE09257514E40067F86D /* Frameworks */ = {
			isa = PBXFrameworksBuildPhase;
			buildActionMask = 2147483647;
			files = (
				7075578BC7016476CCCFD120 /* Pods_talk_using_firebase.framework in Frameworks */,
			);
			runOnlyForDeploymentPostprocessing = 0;
		};
		3DBEEE1F257514E40067F86D /* Frameworks */ = {
			isa = PBXFrameworksBuildPhase;
			buildActionMask = 2147483647;
			files = (
				2CAF45928BA0B4797518B445 /* Pods_talk_using_firebaseTests.framework in Frameworks */,
			);
			runOnlyForDeploymentPostprocessing = 0;
		};
		3DBEEE2A257514E50067F86D /* Frameworks */ = {
			isa = PBXFrameworksBuildPhase;
			buildActionMask = 2147483647;
			files = (
				3B4E306C3F953C455DABFA4D /* Pods_talk_using_firebase_talk_using_firebaseUITests.framework in Frameworks */,
			);
			runOnlyForDeploymentPostprocessing = 0;
		};
/* End PBXFrameworksBuildPhase section */

/* Begin PBXGroup section */
		3DBEEE03257514E40067F86D = {
			isa = PBXGroup;
			children = (
				3DBEEE0E257514E40067F86D /* talk_using_firebase */,
				3DBEEE25257514E40067F86D /* talk_using_firebaseTests */,
				3DBEEE30257514E50067F86D /* talk_using_firebaseUITests */,
				3DBEEE0D257514E40067F86D /* Products */,
				F51C6D6C4DEB33C82EEB7908 /* Pods */,
				4A3AB4839A3BC9D7F0DF5FBE /* Frameworks */,
			);
			sourceTree = "<group>";
		};
		3DBEEE0D257514E40067F86D /* Products */ = {
			isa = PBXGroup;
			children = (
				3DBEEE0C257514E40067F86D /* talk_using_firebase.app */,
				3DBEEE22257514E40067F86D /* talk_using_firebaseTests.xctest */,
				3DBEEE2D257514E50067F86D /* talk_using_firebaseUITests.xctest */,
			);
			name = Products;
			sourceTree = "<group>";
		};
		3DBEEE0E257514E40067F86D /* talk_using_firebase */ = {
			isa = PBXGroup;
			children = (
				3DBEEE0F257514E40067F86D /* AppDelegate.swift */,
				3DBEEE11257514E40067F86D /* SceneDelegate.swift */,
				3DBEEE13257514E40067F86D /* ViewController.swift */,
				3DBEEE15257514E40067F86D /* Main.storyboard */,
				3DBEEE18257514E40067F86D /* Assets.xcassets */,
				3DBEEE1A257514E40067F86D /* LaunchScreen.storyboard */,
				3DBEEE1D257514E40067F86D /* Info.plist */,
				3DE7BAC1257AADAE008300A7 /* GoogleService-Info.plist */,
			);
			path = talk_using_firebase;
			sourceTree = "<group>";
		};
		3DBEEE25257514E40067F86D /* talk_using_firebaseTests */ = {
			isa = PBXGroup;
			children = (
				3DBEEE26257514E40067F86D /* talk_using_firebaseTests.swift */,
				3DBEEE28257514E40067F86D /* Info.plist */,
			);
			path = talk_using_firebaseTests;
			sourceTree = "<group>";
		};
		3DBEEE30257514E50067F86D /* talk_using_firebaseUITests */ = {
			isa = PBXGroup;
			children = (
				3DBEEE31257514E50067F86D /* talk_using_firebaseUITests.swift */,
				3DBEEE33257514E50067F86D /* Info.plist */,
			);
			path = talk_using_firebaseUITests;
			sourceTree = "<group>";
		};
		4A3AB4839A3BC9D7F0DF5FBE /* Frameworks */ = {
			isa = PBXGroup;
			children = (
				DBEFB9490BE1866FB2D9DD5D /* Pods_talk_using_firebase.framework */,
				F602A26B34BA64F1AF907AE9 /* Pods_talk_using_firebase_talk_using_firebaseUITests.framework */,
				F945444D0DE18CF137D63D62 /* Pods_talk_using_firebaseTests.framework */,
			);
			name = Frameworks;
			sourceTree = "<group>";
		};
		F51C6D6C4DEB33C82EEB7908 /* Pods */ = {
			isa = PBXGroup;
			children = (
				6B14AA11841118089A41081E /* Pods-talk_using_firebase.debug.xcconfig */,
				7CEE6FB8F1C0C6F3FEA8F7A5 /* Pods-talk_using_firebase.release.xcconfig */,
				208886B99D459F081AF6F0C1 /* Pods-talk_using_firebase-talk_using_firebaseUITests.debug.xcconfig */,
				A2A7971B9EA12F39D3CBEFC9 /* Pods-talk_using_firebase-talk_using_firebaseUITests.release.xcconfig */,
				09C65923DE8D592F59E58571 /* Pods-talk_using_firebaseTests.debug.xcconfig */,
				0373B9EECAEA11D3C1F0EEFF /* Pods-talk_using_firebaseTests.release.xcconfig */,
			);
			path = Pods;
			sourceTree = "<group>";
		};
/* End PBXGroup section */

/* Begin PBXNativeTarget section */
		3DBEEE0B257514E40067F86D /* talk_using_firebase */ = {
			isa = PBXNativeTarget;
			buildConfigurationList = 3DBEEE36257514E50067F86D /* Build configuration list for PBXNativeTarget "talk_using_firebase" */;
			buildPhases = (
				94F99829FB8CEB17802584A8 /* [CP] Check Pods Manifest.lock */,
				3DBEEE08257514E40067F86D /* Sources */,
				3DBEEE09257514E40067F86D /* Frameworks */,
				3DBEEE0A257514E40067F86D /* Resources */,
				8C1A570658A977BF8CF7ABA9 /* [CP] Embed Pods Frameworks */,
			);
			buildRules = (
			);
			dependencies = (
			);
			name = talk_using_firebase;
			productName = talk_using_firebase;
			productReference = 3DBEEE0C257514E40067F86D /* talk_using_firebase.app */;
			productType = "com.apple.product-type.application";
		};
		3DBEEE21257514E40067F86D /* talk_using_firebaseTests */ = {
			isa = PBXNativeTarget;
			buildConfigurationList = 3DBEEE39257514E50067F86D /* Build configuration list for PBXNativeTarget "talk_using_firebaseTests" */;
			buildPhases = (
				8BB718CE710EB28E1BB5BECF /* [CP] Check Pods Manifest.lock */,
				3DBEEE1E257514E40067F86D /* Sources */,
				3DBEEE1F257514E40067F86D /* Frameworks */,
				3DBEEE20257514E40067F86D /* Resources */,
			);
			buildRules = (
			);
			dependencies = (
				3DBEEE24257514E40067F86D /* PBXTargetDependency */,
			);
			name = talk_using_firebaseTests;
			productName = talk_using_firebaseTests;
			productReference = 3DBEEE22257514E40067F86D /* talk_using_firebaseTests.xctest */;
			productType = "com.apple.product-type.bundle.unit-test";
		};
		3DBEEE2C257514E50067F86D /* talk_using_firebaseUITests */ = {
			isa = PBXNativeTarget;
			buildConfigurationList = 3DBEEE3C257514E50067F86D /* Build configuration list for PBXNativeTarget "talk_using_firebaseUITests" */;
			buildPhases = (
				1BEBB97003D8BE30D1236FC2 /* [CP] Check Pods Manifest.lock */,
				3DBEEE29257514E50067F86D /* Sources */,
				3DBEEE2A257514E50067F86D /* Frameworks */,
				3DBEEE2B257514E50067F86D /* Resources */,
				65BA3068F4255D057AF5DB47 /* [CP] Embed Pods Frameworks */,
			);
			buildRules = (
			);
			dependencies = (
				3DBEEE2F257514E50067F86D /* PBXTargetDependency */,
			);
			name = talk_using_firebaseUITests;
			productName = talk_using_firebaseUITests;
			productReference = 3DBEEE2D257514E50067F86D /* talk_using_firebaseUITests.xctest */;
			productType = "com.apple.product-type.bundle.ui-testing";
		};
/* End PBXNativeTarget section */

/* Begin PBXProject section */
		3DBEEE04257514E40067F86D /* Project object */ = {
			isa = PBXProject;
			attributes = {
				LastSwiftUpdateCheck = 1220;
				LastUpgradeCheck = 1220;
				TargetAttributes = {
					3DBEEE0B257514E40067F86D = {
						CreatedOnToolsVersion = 12.2;
					};
					3DBEEE21257514E40067F86D = {
						CreatedOnToolsVersion = 12.2;
						TestTargetID = 3DBEEE0B257514E40067F86D;
					};
					3DBEEE2C257514E50067F86D = {
						CreatedOnToolsVersion = 12.2;
						TestTargetID = 3DBEEE0B257514E40067F86D;
					};
				};
			};
			buildConfigurationList = 3DBEEE07257514E40067F86D /* Build configuration list for PBXProject "talk_using_firebase" */;
			compatibilityVersion = "Xcode 9.3";
			developmentRegion = en;
			hasScannedForEncodings = 0;
			knownRegions = (
				en,
				Base,
			);
			mainGroup = 3DBEEE03257514E40067F86D;
			productRefGroup = 3DBEEE0D257514E40067F86D /* Products */;
			projectDirPath = "";
			projectRoot = "";
			targets = (
				3DBEEE0B257514E40067F86D /* talk_using_firebase */,
				3DBEEE21257514E40067F86D /* talk_using_firebaseTests */,
				3DBEEE2C257514E50067F86D /* talk_using_firebaseUITests */,
			);
		};
/* End PBXProject section */

/* Begin PBXResourcesBuildPhase section */
		3DBEEE0A257514E40067F86D /* Resources */ = {
			isa = PBXResourcesBuildPhase;
			buildActionMask = 2147483647;
			files = (
				3DBEEE1C257514E40067F86D /* LaunchScreen.storyboard in Resources */,
				3DE7BAC2257AADAE008300A7 /* GoogleService-Info.plist in Resources */,
				3DBEEE19257514E40067F86D /* Assets.xcassets in Resources */,
				3DBEEE17257514E40067F86D /* Main.storyboard in Resources */,
			);
			runOnlyForDeploymentPostprocessing = 0;
		};
		3DBEEE20257514E40067F86D /* Resources */ = {
			isa = PBXResourcesBuildPhase;
			buildActionMask = 2147483647;
			files = (
			);
			runOnlyForDeploymentPostprocessing = 0;
		};
		3DBEEE2B257514E50067F86D /* Resources */ = {
			isa = PBXResourcesBuildPhase;
			buildActionMask = 2147483647;
			files = (
			);
			runOnlyForDeploymentPostprocessing = 0;
		};
/* End PBXResourcesBuildPhase section */

/* Begin PBXShellScriptBuildPhase section */
		1BEBB97003D8BE30D1236FC2 /* [CP] Check Pods Manifest.lock */ = {
			isa = PBXShellScriptBuildPhase;
			buildActionMask = 2147483647;
			files = (
			);
			inputFileListPaths = (
			);
			inputPaths = (
				"${PODS_PODFILE_DIR_PATH}/Podfile.lock",
				"${PODS_ROOT}/Manifest.lock",
			);
			name = "[CP] Check Pods Manifest.lock";
			outputFileListPaths = (
			);
			outputPaths = (
				"$(DERIVED_FILE_DIR)/Pods-talk_using_firebase-talk_using_firebaseUITests-checkManifestLockResult.txt",
			);
			runOnlyForDeploymentPostprocessing = 0;
			shellPath = /bin/sh;
			shellScript = "diff \"${PODS_PODFILE_DIR_PATH}/Podfile.lock\" \"${PODS_ROOT}/Manifest.lock\" > /dev/null\nif [ $? != 0 ] ; then\n    # print error to STDERR\n    echo \"error: The sandbox is not in sync with the Podfile.lock. Run 'pod install' or update your CocoaPods installation.\" >&2\n    exit 1\nfi\n# This output is used by Xcode 'outputs' to avoid re-running this script phase.\necho \"SUCCESS\" > \"${SCRIPT_OUTPUT_FILE_0}\"\n";
			showEnvVarsInLog = 0;
		};
		65BA3068F4255D057AF5DB47 /* [CP] Embed Pods Frameworks */ = {
			isa = PBXShellScriptBuildPhase;
			buildActionMask = 2147483647;
			files = (
			);
			inputFileListPaths = (
				"${PODS_ROOT}/Target Support Files/Pods-talk_using_firebase-talk_using_firebaseUITests/Pods-talk_using_firebase-talk_using_firebaseUITests-frameworks-${CONFIGURATION}-input-files.xcfilelist",
			);
			name = "[CP] Embed Pods Frameworks";
			outputFileListPaths = (
				"${PODS_ROOT}/Target Support Files/Pods-talk_using_firebase-talk_using_firebaseUITests/Pods-talk_using_firebase-talk_using_firebaseUITests-frameworks-${CONFIGURATION}-output-files.xcfilelist",
			);
			runOnlyForDeploymentPostprocessing = 0;
			shellPath = /bin/sh;
			shellScript = "\"${PODS_ROOT}/Target Support Files/Pods-talk_using_firebase-talk_using_firebaseUITests/Pods-talk_using_firebase-talk_using_firebaseUITests-frameworks.sh\"\n";
			showEnvVarsInLog = 0;
		};
		8BB718CE710EB28E1BB5BECF /* [CP] Check Pods Manifest.lock */ = {
			isa = PBXShellScriptBuildPhase;
			buildActionMask = 2147483647;
			files = (
			);
			inputFileListPaths = (
			);
			inputPaths = (
				"${PODS_PODFILE_DIR_PATH}/Podfile.lock",
				"${PODS_ROOT}/Manifest.lock",
			);
			name = "[CP] Check Pods Manifest.lock";
			outputFileListPaths = (
			);
			outputPaths = (
				"$(DERIVED_FILE_DIR)/Pods-talk_using_firebaseTests-checkManifestLockResult.txt",
			);
			runOnlyForDeploymentPostprocessing = 0;
			shellPath = /bin/sh;
			shellScript = "diff \"${PODS_PODFILE_DIR_PATH}/Podfile.lock\" \"${PODS_ROOT}/Manifest.lock\" > /dev/null\nif [ $? != 0 ] ; then\n    # print error to STDERR\n    echo \"error: The sandbox is not in sync with the Podfile.lock. Run 'pod install' or update your CocoaPods installation.\" >&2\n    exit 1\nfi\n# This output is used by Xcode 'outputs' to avoid re-running this script phase.\necho \"SUCCESS\" > \"${SCRIPT_OUTPUT_FILE_0}\"\n";
			showEnvVarsInLog = 0;
		};
		8C1A570658A977BF8CF7ABA9 /* [CP] Embed Pods Frameworks */ = {
			isa = PBXShellScriptBuildPhase;
			buildActionMask = 2147483647;
			files = (
			);
			inputFileListPaths = (
				"${PODS_ROOT}/Target Support Files/Pods-talk_using_firebase/Pods-talk_using_firebase-frameworks-${CONFIGURATION}-input-files.xcfilelist",
			);
			name = "[CP] Embed Pods Frameworks";
			outputFileListPaths = (
				"${PODS_ROOT}/Target Support Files/Pods-talk_using_firebase/Pods-talk_using_firebase-frameworks-${CONFIGURATION}-output-files.xcfilelist",
			);
			runOnlyForDeploymentPostprocessing = 0;
			shellPath = /bin/sh;
			shellScript = "\"${PODS_ROOT}/Target Support Files/Pods-talk_using_firebase/Pods-talk_using_firebase-frameworks.sh\"\n";
			showEnvVarsInLog = 0;
		};
		94F99829FB8CEB17802584A8 /* [CP] Check Pods Manifest.lock */ = {
			isa = PBXShellScriptBuildPhase;
			buildActionMask = 2147483647;
			files = (
			);
			inputFileListPaths = (
			);
			inputPaths = (
				"${PODS_PODFILE_DIR_PATH}/Podfile.lock",
				"${PODS_ROOT}/Manifest.lock",
			);
			name = "[CP] Check Pods Manifest.lock";
			outputFileListPaths = (
			);
			outputPaths = (
				"$(DERIVED_FILE_DIR)/Pods-talk_using_firebase-checkManifestLockResult.txt",
			);
			runOnlyForDeploymentPostprocessing = 0;
			shellPath = /bin/sh;
			shellScript = "diff \"${PODS_PODFILE_DIR_PATH}/Podfile.lock\" \"${PODS_ROOT}/Manifest.lock\" > /dev/null\nif [ $? != 0 ] ; then\n    # print error to STDERR\n    echo \"error: The sandbox is not in sync with the Podfile.lock. Run 'pod install' or update your CocoaPods installation.\" >&2\n    exit 1\nfi\n# This output is used by Xcode 'outputs' to avoid re-running this script phase.\necho \"SUCCESS\" > \"${SCRIPT_OUTPUT_FILE_0}\"\n";
			showEnvVarsInLog = 0;
		};
/* End PBXShellScriptBuildPhase section */

/* Begin PBXSourcesBuildPhase section */
		3DBEEE08257514E40067F86D /* Sources */ = {
			isa = PBXSourcesBuildPhase;
			buildActionMask = 2147483647;
			files = (
				3DBEEE14257514E40067F86D /* ViewController.swift in Sources */,
				3DBEEE10257514E40067F86D /* AppDelegate.swift in Sources */,
				3DBEEE12257514E40067F86D /* SceneDelegate.swift in Sources */,
			);
			runOnlyForDeploymentPostprocessing = 0;
		};
		3DBEEE1E257514E40067F86D /* Sources */ = {
			isa = PBXSourcesBuildPhase;
			buildActionMask = 2147483647;
			files = (
				3DBEEE27257514E40067F86D /* talk_using_firebaseTests.swift in Sources */,
			);
			runOnlyForDeploymentPostprocessing = 0;
		};
		3DBEEE29257514E50067F86D /* Sources */ = {
			isa = PBXSourcesBuildPhase;
			buildActionMask = 2147483647;
			files = (
				3DBEEE32257514E50067F86D /* talk_using_firebaseUITests.swift in Sources */,
			);
			runOnlyForDeploymentPostprocessing = 0;
		};
/* End PBXSourcesBuildPhase section */

/* Begin PBXTargetDependency section */
		3DBEEE24257514E40067F86D /* PBXTargetDependency */ = {
			isa = PBXTargetDependency;
			target = 3DBEEE0B257514E40067F86D /* talk_using_firebase */;
			targetProxy = 3DBEEE23257514E40067F86D /* PBXContainerItemProxy */;
		};
		3DBEEE2F257514E50067F86D /* PBXTargetDependency */ = {
			isa = PBXTargetDependency;
			target = 3DBEEE0B257514E40067F86D /* talk_using_firebase */;
			targetProxy = 3DBEEE2E257514E50067F86D /* PBXContainerItemProxy */;
		};
/* End PBXTargetDependency section */

/* Begin PBXVariantGroup section */
		3DBEEE15257514E40067F86D /* Main.storyboard */ = {
			isa = PBXVariantGroup;
			children = (
				3DBEEE16257514E40067F86D /* Base */,
			);
			name = Main.storyboard;
			sourceTree = "<group>";
		};
		3DBEEE1A257514E40067F86D /* LaunchScreen.storyboard */ = {
			isa = PBXVariantGroup;
			children = (
				3DBEEE1B257514E40067F86D /* Base */,
			);
			name = LaunchScreen.storyboard;
			sourceTree = "<group>";
		};
/* End PBXVariantGroup section */

/* Begin XCBuildConfiguration section */
		3DBEEE34257514E50067F86D /* Debug */ = {
			isa = XCBuildConfiguration;
			buildSettings = {
				ALWAYS_SEARCH_USER_PATHS = NO;
				CLANG_ANALYZER_NONNULL = YES;
				CLANG_ANALYZER_NUMBER_OBJECT_CONVERSION = YES_AGGRESSIVE;
				CLANG_CXX_LANGUAGE_STANDARD = "gnu++14";
				CLANG_CXX_LIBRARY = "libc++";
				CLANG_ENABLE_MODULES = YES;
				CLANG_ENABLE_OBJC_ARC = YES;
				CLANG_ENABLE_OBJC_WEAK = YES;
				CLANG_WARN_BLOCK_CAPTURE_AUTORELEASING = YES;
				CLANG_WARN_BOOL_CONVERSION = YES;
				CLANG_WARN_COMMA = YES;
				CLANG_WARN_CONSTANT_CONVERSION = YES;
				CLANG_WARN_DEPRECATED_OBJC_IMPLEMENTATIONS = YES;
				CLANG_WARN_DIRECT_OBJC_ISA_USAGE = YES_ERROR;
				CLANG_WARN_DOCUMENTATION_COMMENTS = YES;
				CLANG_WARN_EMPTY_BODY = YES;
				CLANG_WARN_ENUM_CONVERSION = YES;
				CLANG_WARN_INFINITE_RECURSION = YES;
				CLANG_WARN_INT_CONVERSION = YES;
				CLANG_WARN_NON_LITERAL_NULL_CONVERSION = YES;
				CLANG_WARN_OBJC_IMPLICIT_RETAIN_SELF = YES;
				CLANG_WARN_OBJC_LITERAL_CONVERSION = YES;
				CLANG_WARN_OBJC_ROOT_CLASS = YES_ERROR;
				CLANG_WARN_QUOTED_INCLUDE_IN_FRAMEWORK_HEADER = YES;
				CLANG_WARN_RANGE_LOOP_ANALYSIS = YES;
				CLANG_WARN_STRICT_PROTOTYPES = YES;
				CLANG_WARN_SUSPICIOUS_MOVE = YES;
				CLANG_WARN_UNGUARDED_AVAILABILITY = YES_AGGRESSIVE;
				CLANG_WARN_UNREACHABLE_CODE = YES;
				CLANG_WARN__DUPLICATE_METHOD_MATCH = YES;
				COPY_PHASE_STRIP = NO;
				DEBUG_INFORMATION_FORMAT = dwarf;
				ENABLE_STRICT_OBJC_MSGSEND = YES;
				ENABLE_TESTABILITY = YES;
				GCC_C_LANGUAGE_STANDARD = gnu11;
				GCC_DYNAMIC_NO_PIC = NO;
				GCC_NO_COMMON_BLOCKS = YES;
				GCC_OPTIMIZATION_LEVEL = 0;
				GCC_PREPROCESSOR_DEFINITIONS = (
					"DEBUG=1",
					"$(inherited)",
				);
				GCC_WARN_64_TO_32_BIT_CONVERSION = YES;
				GCC_WARN_ABOUT_RETURN_TYPE = YES_ERROR;
				GCC_WARN_UNDECLARED_SELECTOR = YES;
				GCC_WARN_UNINITIALIZED_AUTOS = YES_AGGRESSIVE;
				GCC_WARN_UNUSED_FUNCTION = YES;
				GCC_WARN_UNUSED_VARIABLE = YES;
				IPHONEOS_DEPLOYMENT_TARGET = 14.2;
				MTL_ENABLE_DEBUG_INFO = INCLUDE_SOURCE;
				MTL_FAST_MATH = YES;
				ONLY_ACTIVE_ARCH = YES;
				SDKROOT = iphoneos;
				SWIFT_ACTIVE_COMPILATION_CONDITIONS = DEBUG;
				SWIFT_OPTIMIZATION_LEVEL = "-Onone";
			};
			name = Debug;
		};
		3DBEEE35257514E50067F86D /* Release */ = {
			isa = XCBuildConfiguration;
			buildSettings = {
				ALWAYS_SEARCH_USER_PATHS = NO;
				CLANG_ANALYZER_NONNULL = YES;
				CLANG_ANALYZER_NUMBER_OBJECT_CONVERSION = YES_AGGRESSIVE;
				CLANG_CXX_LANGUAGE_STANDARD = "gnu++14";
				CLANG_CXX_LIBRARY = "libc++";
				CLANG_ENABLE_MODULES = YES;
				CLANG_ENABLE_OBJC_ARC = YES;
				CLANG_ENABLE_OBJC_WEAK = YES;
				CLANG_WARN_BLOCK_CAPTURE_AUTORELEASING = YES;
				CLANG_WARN_BOOL_CONVERSION = YES;
				CLANG_WARN_COMMA = YES;
				CLANG_WARN_CONSTANT_CONVERSION = YES;
				CLANG_WARN_DEPRECATED_OBJC_IMPLEMENTATIONS = YES;
				CLANG_WARN_DIRECT_OBJC_ISA_USAGE = YES_ERROR;
				CLANG_WARN_DOCUMENTATION_COMMENTS = YES;
				CLANG_WARN_EMPTY_BODY = YES;
				CLANG_WARN_ENUM_CONVERSION = YES;
				CLANG_WARN_INFINITE_RECURSION = YES;
				CLANG_WARN_INT_CONVERSION = YES;
				CLANG_WARN_NON_LITERAL_NULL_CONVERSION = YES;
				CLANG_WARN_OBJC_IMPLICIT_RETAIN_SELF = YES;
				CLANG_WARN_OBJC_LITERAL_CONVERSION = YES;
				CLANG_WARN_OBJC_ROOT_CLASS = YES_ERROR;
				CLANG_WARN_QUOTED_INCLUDE_IN_FRAMEWORK_HEADER = YES;
				CLANG_WARN_RANGE_LOOP_ANALYSIS = YES;
				CLANG_WARN_STRICT_PROTOTYPES = YES;
				CLANG_WARN_SUSPICIOUS_MOVE = YES;
				CLANG_WARN_UNGUARDED_AVAILABILITY = YES_AGGRESSIVE;
				CLANG_WARN_UNREACHABLE_CODE = YES;
				CLANG_WARN__DUPLICATE_METHOD_MATCH = YES;
				COPY_PHASE_STRIP = NO;
				DEBUG_INFORMATION_FORMAT = "dwarf-with-dsym";
				ENABLE_NS_ASSERTIONS = NO;
				ENABLE_STRICT_OBJC_MSGSEND = YES;
				GCC_C_LANGUAGE_STANDARD = gnu11;
				GCC_NO_COMMON_BLOCKS = YES;
				GCC_WARN_64_TO_32_BIT_CONVERSION = YES;
				GCC_WARN_ABOUT_RETURN_TYPE = YES_ERROR;
				GCC_WARN_UNDECLARED_SELECTOR = YES;
				GCC_WARN_UNINITIALIZED_AUTOS = YES_AGGRESSIVE;
				GCC_WARN_UNUSED_FUNCTION = YES;
				GCC_WARN_UNUSED_VARIABLE = YES;
				IPHONEOS_DEPLOYMENT_TARGET = 14.2;
				MTL_ENABLE_DEBUG_INFO = NO;
				MTL_FAST_MATH = YES;
				SDKROOT = iphoneos;
				SWIFT_COMPILATION_MODE = wholemodule;
				SWIFT_OPTIMIZATION_LEVEL = "-O";
				VALIDATE_PRODUCT = YES;
			};
			name = Release;
		};
		3DBEEE37257514E50067F86D /* Debug */ = {
			isa = XCBuildConfiguration;
			baseConfigurationReference = 6B14AA11841118089A41081E /* Pods-talk_using_firebase.debug.xcconfig */;
			buildSettings = {
				ASSETCATALOG_COMPILER_APPICON_NAME = AppIcon;
				ASSETCATALOG_COMPILER_GLOBAL_ACCENT_COLOR_NAME = AccentColor;
				CODE_SIGN_STYLE = Automatic;
				INFOPLIST_FILE = talk_using_firebase/Info.plist;
				LD_RUNPATH_SEARCH_PATHS = (
					"$(inherited)",
					"@executable_path/Frameworks",
				);
				PRODUCT_BUNDLE_IDENTIFIER = "com.miori.dev-ios.talk-using-firebase";
				PRODUCT_NAME = "$(TARGET_NAME)";
				SWIFT_VERSION = 5.0;
				TARGETED_DEVICE_FAMILY = "1,2";
			};
			name = Debug;
		};
		3DBEEE38257514E50067F86D /* Release */ = {
			isa = XCBuildConfiguration;
			baseConfigurationReference = 7CEE6FB8F1C0C6F3FEA8F7A5 /* Pods-talk_using_firebase.release.xcconfig */;
			buildSettings = {
				ASSETCATALOG_COMPILER_APPICON_NAME = AppIcon;
				ASSETCATALOG_COMPILER_GLOBAL_ACCENT_COLOR_NAME = AccentColor;
				CODE_SIGN_STYLE = Automatic;
				INFOPLIST_FILE = talk_using_firebase/Info.plist;
				LD_RUNPATH_SEARCH_PATHS = (
					"$(inherited)",
					"@executable_path/Frameworks",
				);
				PRODUCT_BUNDLE_IDENTIFIER = "com.miori.dev-ios.talk-using-firebase";
				PRODUCT_NAME = "$(TARGET_NAME)";
				SWIFT_VERSION = 5.0;
				TARGETED_DEVICE_FAMILY = "1,2";
			};
			name = Release;
		};
		3DBEEE3A257514E50067F86D /* Debug */ = {
			isa = XCBuildConfiguration;
			baseConfigurationReference = 09C65923DE8D592F59E58571 /* Pods-talk_using_firebaseTests.debug.xcconfig */;
			buildSettings = {
				ALWAYS_EMBED_SWIFT_STANDARD_LIBRARIES = YES;
				BUNDLE_LOADER = "$(TEST_HOST)";
				CODE_SIGN_STYLE = Automatic;
				INFOPLIST_FILE = talk_using_firebaseTests/Info.plist;
				IPHONEOS_DEPLOYMENT_TARGET = 14.2;
				LD_RUNPATH_SEARCH_PATHS = (
					"$(inherited)",
					"@executable_path/Frameworks",
					"@loader_path/Frameworks",
				);
				PRODUCT_BUNDLE_IDENTIFIER = "com.miori.dev-ios.talk-using-firebaseTests";
				PRODUCT_NAME = "$(TARGET_NAME)";
				SWIFT_VERSION = 5.0;
				TARGETED_DEVICE_FAMILY = "1,2";
				TEST_HOST = "$(BUILT_PRODUCTS_DIR)/talk_using_firebase.app/talk_using_firebase";
			};
			name = Debug;
		};
		3DBEEE3B257514E50067F86D /* Release */ = {
			isa = XCBuildConfiguration;
			baseConfigurationReference = 0373B9EECAEA11D3C1F0EEFF /* Pods-talk_using_firebaseTests.release.xcconfig */;
			buildSettings = {
				ALWAYS_EMBED_SWIFT_STANDARD_LIBRARIES = YES;
				BUNDLE_LOADER = "$(TEST_HOST)";
				CODE_SIGN_STYLE = Automatic;
				INFOPLIST_FILE = talk_using_firebaseTests/Info.plist;
				IPHONEOS_DEPLOYMENT_TARGET = 14.2;
				LD_RUNPATH_SEARCH_PATHS = (
					"$(inherited)",
					"@executable_path/Frameworks",
					"@loader_path/Frameworks",
				);
				PRODUCT_BUNDLE_IDENTIFIER = "com.miori.dev-ios.talk-using-firebaseTests";
				PRODUCT_NAME = "$(TARGET_NAME)";
				SWIFT_VERSION = 5.0;
				TARGETED_DEVICE_FAMILY = "1,2";
				TEST_HOST = "$(BUILT_PRODUCTS_DIR)/talk_using_firebase.app/talk_using_firebase";
			};
			name = Release;
		};
		3DBEEE3D257514E50067F86D /* Debug */ = {
			isa = XCBuildConfiguration;
			baseConfigurationReference = 208886B99D459F081AF6F0C1 /* Pods-talk_using_firebase-talk_using_firebaseUITests.debug.xcconfig */;
			buildSettings = {
				ALWAYS_EMBED_SWIFT_STANDARD_LIBRARIES = YES;
				CODE_SIGN_STYLE = Automatic;
				INFOPLIST_FILE = talk_using_firebaseUITests/Info.plist;
				LD_RUNPATH_SEARCH_PATHS = (
					"$(inherited)",
					"@executable_path/Frameworks",
					"@loader_path/Frameworks",
				);
				PRODUCT_BUNDLE_IDENTIFIER = "com.miori.dev-ios.talk-using-firebaseUITests";
				PRODUCT_NAME = "$(TARGET_NAME)";
				SWIFT_VERSION = 5.0;
				TARGETED_DEVICE_FAMILY = "1,2";
				TEST_TARGET_NAME = talk_using_firebase;
			};
			name = Debug;
		};
		3DBEEE3E257514E50067F86D /* Release */ = {
			isa = XCBuildConfiguration;
			baseConfigurationReference = A2A7971B9EA12F39D3CBEFC9 /* Pods-talk_using_firebase-talk_using_firebaseUITests.release.xcconfig */;
			buildSettings = {
				ALWAYS_EMBED_SWIFT_STANDARD_LIBRARIES = YES;
				CODE_SIGN_STYLE = Automatic;
				INFOPLIST_FILE = talk_using_firebaseUITests/Info.plist;
				LD_RUNPATH_SEARCH_PATHS = (
					"$(inherited)",
					"@executable_path/Frameworks",
					"@loader_path/Frameworks",
				);
				PRODUCT_BUNDLE_IDENTIFIER = "com.miori.dev-ios.talk-using-firebaseUITests";
				PRODUCT_NAME = "$(TARGET_NAME)";
				SWIFT_VERSION = 5.0;
				TARGETED_DEVICE_FAMILY = "1,2";
				TEST_TARGET_NAME = talk_using_firebase;
			};
			name = Release;
		};
/* End XCBuildConfiguration section */

/* Begin XCConfigurationList section */
		3DBEEE07257514E40067F86D /* Build configuration list for PBXProject "talk_using_firebase" */ = {
			isa = XCConfigurationList;
			buildConfigurations = (
				3DBEEE34257514E50067F86D /* Debug */,
				3DBEEE35257514E50067F86D /* Release */,
			);
			defaultConfigurationIsVisible = 0;
			defaultConfigurationName = Release;
		};
		3DBEEE36257514E50067F86D /* Build configuration list for PBXNativeTarget "talk_using_firebase" */ = {
			isa = XCConfigurationList;
			buildConfigurations = (
				3DBEEE37257514E50067F86D /* Debug */,
				3DBEEE38257514E50067F86D /* Release */,
			);
			defaultConfigurationIsVisible = 0;
			defaultConfigurationName = Release;
		};
		3DBEEE39257514E50067F86D /* Build configuration list for PBXNativeTarget "talk_using_firebaseTests" */ = {
			isa = XCConfigurationList;
			buildConfigurations = (
				3DBEEE3A257514E50067F86D /* Debug */,
				3DBEEE3B257514E50067F86D /* Release */,
			);
			defaultConfigurationIsVisible = 0;
			defaultConfigurationName = Release;
		};
		3DBEEE3C257514E50067F86D /* Build configuration list for PBXNativeTarget "talk_using_firebaseUITests" */ = {
			isa = XCConfigurationList;
			buildConfigurations = (
				3DBEEE3D257514E50067F86D /* Debug */,
				3DBEEE3E257514E50067F86D /* Release */,
			);
			defaultConfigurationIsVisible = 0;
			defaultConfigurationName = Release;
		};
/* End XCConfigurationList section */
	};
	rootObject = 3DBEEE04257514E40067F86D /* Project object */;
}
